
Microsoft Visual Studio Solution File, Format Version 12.00
# Visual Studio Version 16
VisualStudioVersion = 16.0.33027.164
MinimumVisualStudioVersion = 10.0.40219.1
Project("{FAE04EC0-301F-11D3-BF4B-00C04F79EFBC}") = "WindowsFormsApp6", "WindowsFormsApp6\WindowsFormsApp6.csproj", "{E38A1CC0-CF4E-4C58-877B-DA60967EE778}"
EndProject
Global
	GlobalSection(SolutionConfigurationPlatforms) = preSolution
		Debug|Any CPU = Debug|Any CPU
		Release|Any CPU = Release|Any CPU
	EndGlobalSection
	GlobalSection(ProjectConfigurationPlatforms) = postSolution
		{E38A1CC0-CF4E-4C58-877B-DA60967EE778}.Debug|Any CPU.ActiveCfg = Debug|Any CPU
		{E38A1CC0-CF4E-4C58-877B-DA60967EE778}.Debug|Any CPU.Build.0 = Debug|Any CPU
		{E38A1CC0-CF4E-4C58-877B-DA60967EE778}.Release|Any CPU.ActiveCfg = Release|Any CPU
		{E38A1CC0-CF4E-4C58-877B-DA60967EE778}.Release|Any CPU.Build.0 = Release|Any CPU
	EndGlobalSection
	GlobalSection(SolutionProperties) = preSolution
		HideSolutionNode = FALSE
	EndGlobalSection
	GlobalSection(ExtensibilityGlobals) = postSolution
		SolutionGuid = {0F56D5F4-C29A-45DA-AA6D-A21BC73DF17E}
	EndGlobalSection
EndGlobal
